
Microsoft Visual Studio Solution File, Format Version 12.00
# Visual Studio 15
VisualStudioVersion = 15.0.27703.2042
MinimumVisualStudioVersion = 10.0.40219.1
Project("{FAE04EC0-301F-11D3-BF4B-00C04F79EFBC}") = "Veterinaria", "Veterinaria\Veterinaria.csproj", "{561EA7CE-AD88-4B1C-9AFC-2FD493B018FD}"
EndProject
Global
	GlobalSection(SolutionConfigurationPlatforms) = preSolution
		Debug|Any CPU = Debug|Any CPU
		Release|Any CPU = Release|Any CPU
	EndGlobalSection
	GlobalSection(ProjectConfigurationPlatforms) = postSolution
		{561EA7CE-AD88-4B1C-9AFC-2FD493B018FD}.Debug|Any CPU.ActiveCfg = Debug|Any CPU
		{561EA7CE-AD88-4B1C-9AFC-2FD493B018FD}.Debug|Any CPU.Build.0 = Debug|Any CPU
		{561EA7CE-AD88-4B1C-9AFC-2FD493B018FD}.Release|Any CPU.ActiveCfg = Release|Any CPU
		{561EA7CE-AD88-4B1C-9AFC-2FD493B018FD}.Release|Any CPU.Build.0 = Release|Any CPU
	EndGlobalSection
	GlobalSection(SolutionProperties) = preSolution
		HideSolutionNode = FALSE
	EndGlobalSection
	GlobalSection(ExtensibilityGlobals) = postSolution
		SolutionGuid = {65050706-B071-4859-86C1-D5A0FF82FB88}
	EndGlobalSection
EndGlobal
