
Microsoft Visual Studio Solution File, Format Version 12.00
# Visual Studio 15
VisualStudioVersion = 15.0.27703.2042
MinimumVisualStudioVersion = 10.0.40219.1
Project("{FAE04EC0-301F-11D3-BF4B-00C04F79EFBC}") = "Ej1", "Veterinaria\Ej1.csproj", "{561EA7CE-AD88-4B1C-9AFC-2FD493B018FD}"
EndProject
Project("{FAE04EC0-301F-11D3-BF4B-00C04F79EFBC}") = "Ej2", "Ej2\Ej2.csproj", "{F3BA4112-0577-4855-8C8B-A7353F0EC67C}"
EndProject
Project("{FAE04EC0-301F-11D3-BF4B-00C04F79EFBC}") = "Ej3", "Ej3\Ej3.csproj", "{2632F0A8-4984-4045-A867-2B3F9B3A22F2}"
EndProject
Project("{FAE04EC0-301F-11D3-BF4B-00C04F79EFBC}") = "Ej4", "Ej4\Ej4.csproj", "{55D69A36-80EC-4E1C-BA64-40089E1F0C56}"
EndProject
Project("{FAE04EC0-301F-11D3-BF4B-00C04F79EFBC}") = "Ej4.Tests", "Ej4.Tests\Ej4.Tests.csproj", "{63C09EFE-5CA2-4C6F-82D6-5E53D9AC979C}"
EndProject
Global
	GlobalSection(SolutionConfigurationPlatforms) = preSolution
		Debug|Any CPU = Debug|Any CPU
		Release|Any CPU = Release|Any CPU
	EndGlobalSection
	GlobalSection(ProjectConfigurationPlatforms) = postSolution
		{561EA7CE-AD88-4B1C-9AFC-2FD493B018FD}.Debug|Any CPU.ActiveCfg = Debug|Any CPU
		{561EA7CE-AD88-4B1C-9AFC-2FD493B018FD}.Debug|Any CPU.Build.0 = Debug|Any CPU
		{561EA7CE-AD88-4B1C-9AFC-2FD493B018FD}.Release|Any CPU.ActiveCfg = Release|Any CPU
		{561EA7CE-AD88-4B1C-9AFC-2FD493B018FD}.Release|Any CPU.Build.0 = Release|Any CPU
		{F3BA4112-0577-4855-8C8B-A7353F0EC67C}.Debug|Any CPU.ActiveCfg = Debug|Any CPU
		{F3BA4112-0577-4855-8C8B-A7353F0EC67C}.Debug|Any CPU.Build.0 = Debug|Any CPU
		{F3BA4112-0577-4855-8C8B-A7353F0EC67C}.Release|Any CPU.ActiveCfg = Release|Any CPU
		{F3BA4112-0577-4855-8C8B-A7353F0EC67C}.Release|Any CPU.Build.0 = Release|Any CPU
		{2632F0A8-4984-4045-A867-2B3F9B3A22F2}.Debug|Any CPU.ActiveCfg = Debug|Any CPU
		{2632F0A8-4984-4045-A867-2B3F9B3A22F2}.Debug|Any CPU.Build.0 = Debug|Any CPU
		{2632F0A8-4984-4045-A867-2B3F9B3A22F2}.Release|Any CPU.ActiveCfg = Release|Any CPU
		{2632F0A8-4984-4045-A867-2B3F9B3A22F2}.Release|Any CPU.Build.0 = Release|Any CPU
		{55D69A36-80EC-4E1C-BA64-40089E1F0C56}.Debug|Any CPU.ActiveCfg = Debug|Any CPU
		{55D69A36-80EC-4E1C-BA64-40089E1F0C56}.Debug|Any CPU.Build.0 = Debug|Any CPU
		{55D69A36-80EC-4E1C-BA64-40089E1F0C56}.Release|Any CPU.ActiveCfg = Release|Any CPU
		{55D69A36-80EC-4E1C-BA64-40089E1F0C56}.Release|Any CPU.Build.0 = Release|Any CPU
		{63C09EFE-5CA2-4C6F-82D6-5E53D9AC979C}.Debug|Any CPU.ActiveCfg = Debug|Any CPU
		{63C09EFE-5CA2-4C6F-82D6-5E53D9AC979C}.Debug|Any CPU.Build.0 = Debug|Any CPU
		{63C09EFE-5CA2-4C6F-82D6-5E53D9AC979C}.Release|Any CPU.ActiveCfg = Release|Any CPU
		{63C09EFE-5CA2-4C6F-82D6-5E53D9AC979C}.Release|Any CPU.Build.0 = Release|Any CPU
	EndGlobalSection
	GlobalSection(SolutionProperties) = preSolution
		HideSolutionNode = FALSE
	EndGlobalSection
	GlobalSection(ExtensibilityGlobals) = postSolution
		SolutionGuid = {65050706-B071-4859-86C1-D5A0FF82FB88}
	EndGlobalSection
EndGlobal
